
Microsoft Visual Studio Solution File, Format Version 12.00
# Visual Studio Version 17
VisualStudioVersion = 17.8.34330.188
MinimumVisualStudioVersion = 10.0.40219.1
Project("{FAE04EC0-301F-11D3-BF4B-00C04F79EFBC}") = "MVC DEPI Project", "MVC DEPI Project\MVC DEPI Project.csproj", "{6238F553-0F9D-45B5-B0DD-9FC105A4B8A0}"
EndProject
Global
	GlobalSection(SolutionConfigurationPlatforms) = preSolution
		Debug|Any CPU = Debug|Any CPU
		Release|Any CPU = Release|Any CPU
	EndGlobalSection
	GlobalSection(ProjectConfigurationPlatforms) = postSolution
		{6238F553-0F9D-45B5-B0DD-9FC105A4B8A0}.Debug|Any CPU.ActiveCfg = Debug|Any CPU
		{6238F553-0F9D-45B5-B0DD-9FC105A4B8A0}.Debug|Any CPU.Build.0 = Debug|Any CPU
		{6238F553-0F9D-45B5-B0DD-9FC105A4B8A0}.Release|Any CPU.ActiveCfg = Release|Any CPU
		{6238F553-0F9D-45B5-B0DD-9FC105A4B8A0}.Release|Any CPU.Build.0 = Release|Any CPU
	EndGlobalSection
	GlobalSection(SolutionProperties) = preSolution
		HideSolutionNode = FALSE
	EndGlobalSection
	GlobalSection(ExtensibilityGlobals) = postSolution
		SolutionGuid = {0BB10476-823D-4430-BEC2-DF7A81E5957F}
	EndGlobalSection
EndGlobal
